{
  "pins" : [
    {
      "identity" : "acousticmobilepushdebug-sp",
      "kind" : "remoteSourceControl",
      "location" : "https://github.com/Acoustic-Mobile-Push/AcousticMobilePushDebug-SP",
      "state" : {
        "revision" : "e5541cb3ddc7abe7384aefca91c5fd173b512b29",
        "version" : "3.9.17"
      }
    },
    {
      "identity" : "acousticmobilepushnotificationdebug-sp",
      "kind" : "remoteSourceControl",
      "location" : "https://github.com/Acoustic-Mobile-Push/AcousticMobilePushNotificationDebug-SP",
      "state" : {
        "revision" : "4b0d6dbe70314bddc3cfec65d952735b24de3b76",
        "version" : "3.9.17"
      }
    },
    {
      "identity" : "acousticmobilepushwatchdebug-sp",
      "kind" : "remoteSourceControl",
      "location" : "https://github.com/Acoustic-Mobile-Push/AcousticMobilePushWatchDebug-SP",
      "state" : {
        "revision" : "b0e14797c1d6fd88df3aaff2693120b793590aaf",
        "version" : "3.9.17"
      }
    }
  ],
  "version" : 2
}
